
Microsoft Visual Studio Solution File, Format Version 12.00
# Visual Studio Version 16
VisualStudioVersion = 16.0.28714.193
MinimumVisualStudioVersion = 10.0.40219.1
Project("{FAE04EC0-301F-11D3-BF4B-00C04F79EFBC}") = "WpfApp1", "WpfApp1\WpfApp1.csproj", "{983A3867-2191-45DE-8D71-47ECD5B34A25}"
EndProject
Global
	GlobalSection(SolutionConfigurationPlatforms) = preSolution
		Debug|Any CPU = Debug|Any CPU
		Release|Any CPU = Release|Any CPU
	EndGlobalSection
	GlobalSection(ProjectConfigurationPlatforms) = postSolution
		{983A3867-2191-45DE-8D71-47ECD5B34A25}.Debug|Any CPU.ActiveCfg = Debug|Any CPU
		{983A3867-2191-45DE-8D71-47ECD5B34A25}.Debug|Any CPU.Build.0 = Debug|Any CPU
		{983A3867-2191-45DE-8D71-47ECD5B34A25}.Release|Any CPU.ActiveCfg = Release|Any CPU
		{983A3867-2191-45DE-8D71-47ECD5B34A25}.Release|Any CPU.Build.0 = Release|Any CPU
	EndGlobalSection
	GlobalSection(SolutionProperties) = preSolution
		HideSolutionNode = FALSE
	EndGlobalSection
	GlobalSection(ExtensibilityGlobals) = postSolution
		SolutionGuid = {D82BF5BB-1049-4061-BBB3-874E53423DCB}
	EndGlobalSection
EndGlobal
